
Microsoft Visual Studio Solution File, Format Version 12.00
# Visual Studio Version 17
VisualStudioVersion = 17.3.32825.248
MinimumVisualStudioVersion = 10.0.40219.1
Project("{FAE04EC0-301F-11D3-BF4B-00C04F79EFBC}") = "ATMService", "ATMService\ATMService.csproj", "{B98588F9-F978-430B-B87C-B59E49A2C5B8}"
EndProject
Project("{FAE04EC0-301F-11D3-BF4B-00C04F79EFBC}") = "ATMServiceTests", "ATMServiceTests\ATMServiceTests.csproj", "{436422A0-6F4F-494B-A2F4-356F1F2D8900}"
EndProject
Global
	GlobalSection(SolutionConfigurationPlatforms) = preSolution
		Debug|Any CPU = Debug|Any CPU
		Release|Any CPU = Release|Any CPU
	EndGlobalSection
	GlobalSection(ProjectConfigurationPlatforms) = postSolution
		{B98588F9-F978-430B-B87C-B59E49A2C5B8}.Debug|Any CPU.ActiveCfg = Debug|Any CPU
		{B98588F9-F978-430B-B87C-B59E49A2C5B8}.Debug|Any CPU.Build.0 = Debug|Any CPU
		{B98588F9-F978-430B-B87C-B59E49A2C5B8}.Release|Any CPU.ActiveCfg = Release|Any CPU
		{B98588F9-F978-430B-B87C-B59E49A2C5B8}.Release|Any CPU.Build.0 = Release|Any CPU
		{436422A0-6F4F-494B-A2F4-356F1F2D8900}.Debug|Any CPU.ActiveCfg = Debug|Any CPU
		{436422A0-6F4F-494B-A2F4-356F1F2D8900}.Debug|Any CPU.Build.0 = Debug|Any CPU
		{436422A0-6F4F-494B-A2F4-356F1F2D8900}.Release|Any CPU.ActiveCfg = Release|Any CPU
		{436422A0-6F4F-494B-A2F4-356F1F2D8900}.Release|Any CPU.Build.0 = Release|Any CPU
	EndGlobalSection
	GlobalSection(SolutionProperties) = preSolution
		HideSolutionNode = FALSE
	EndGlobalSection
	GlobalSection(ExtensibilityGlobals) = postSolution
		SolutionGuid = {717D7F31-EF29-4913-94C7-69DFB515A1F1}
	EndGlobalSection
EndGlobal
